
Microsoft Visual Studio Solution File, Format Version 12.00
# Visual Studio Version 17
VisualStudioVersion = 17.0.31825.309
MinimumVisualStudioVersion = 10.0.40219.1
Project("{9A19103F-16F7-4668-BE54-9A1E7A4F7556}") = "HR_API", "HR_API\HR_API.csproj", "{616BFF30-F3FB-4604-9381-DF37A9A7F681}"
EndProject
Project("{9A19103F-16F7-4668-BE54-9A1E7A4F7556}") = "HR_DAL", "HR_DAL\HR_DAL.csproj", "{3BAAAF69-591C-4FE9-99CC-86E80E82C9BB}"
EndProject
Project("{9A19103F-16F7-4668-BE54-9A1E7A4F7556}") = "HR_BLL", "HR_BLL\HR_BLL.csproj", "{6FB1DD6B-DF9B-43D5-9CE4-F968E91EFDDC}"
EndProject
Project("{FAE04EC0-301F-11D3-BF4B-00C04F79EFBC}") = "Customers_DAL", "Customers_DAL\Customers_DAL.csproj", "{98E13721-67C0-44E5-9AA4-D9E0AB12F1C9}"
EndProject
Project("{FAE04EC0-301F-11D3-BF4B-00C04F79EFBC}") = "Customers_BLL", "Customers_BLL\Customers_BLL.csproj", "{300D2502-D1B3-4256-9C45-B09B87B22870}"
EndProject
Project("{FAE04EC0-301F-11D3-BF4B-00C04F79EFBC}") = "Customers_API", "Customers_API\Customers_API.csproj", "{EB6F741C-E4B7-40C4-A6C7-36901C5BB85D}"
EndProject
Project("{2150E333-8FDC-42A3-9474-1A3956D46DE8}") = "Customer_API_Pack", "Customer_API_Pack", "{EAA93034-98FA-4117-9256-4B172709C08E}"
EndProject
Project("{2150E333-8FDC-42A3-9474-1A3956D46DE8}") = "HR_API_Pack", "HR_API_Pack", "{EC4E5D1F-E0D3-4771-8407-EB7892A6095D}"
EndProject
Project("{2150E333-8FDC-42A3-9474-1A3956D46DE8}") = "Services_API_Pack", "Services_API_Pack", "{ABA4527C-818F-4D17-9DE9-ACB63BE68866}"
EndProject
Project("{FAE04EC0-301F-11D3-BF4B-00C04F79EFBC}") = "Services_Domain", "Services_Domain\Services_Domain.csproj", "{8323D3D1-A0B4-40B7-A337-9FBD6CED7941}"
EndProject
Project("{FAE04EC0-301F-11D3-BF4B-00C04F79EFBC}") = "Services_Application", "Services_Application\Services_Application.csproj", "{4ADD2D04-EE37-451C-905A-86A293984BB5}"
EndProject
Project("{FAE04EC0-301F-11D3-BF4B-00C04F79EFBC}") = "Services_Infrastructure", "Services_Infrastructure\Services_Infrastructure.csproj", "{25727E78-9653-439F-887A-AA8D8D89C49F}"
EndProject
Project("{FAE04EC0-301F-11D3-BF4B-00C04F79EFBC}") = "Services_API", "Services_API\Services_API.csproj", "{1A09C11A-0F61-413B-82BE-88EE1E93DD12}"
EndProject
Project("{FAE04EC0-301F-11D3-BF4B-00C04F79EFBC}") = "APIGateway", "APIGateway\APIGateway.csproj", "{7EAFCEFD-D289-4C30-8C9D-16277A341796}"
EndProject
Project("{FAE04EC0-301F-11D3-BF4B-00C04F79EFBC}") = "Common", "Common\Common.csproj", "{130B9A10-DA29-4A5A-9605-2F21488FDEAC}"
EndProject
Project("{FAE04EC0-301F-11D3-BF4B-00C04F79EFBC}") = "IdentityServer", "IdentityServer\IdentityServer.csproj", "{44A06025-EEEF-4D46-9126-CA31639EDFEB}"
EndProject
Project("{FAE04EC0-301F-11D3-BF4B-00C04F79EFBC}") = "GrpcAggregator", "GrpcAggregator\GrpcAggregator.csproj", "{1443E431-3B87-447D-A96C-7260E54113DD}"
EndProject
Global
	GlobalSection(SolutionConfigurationPlatforms) = preSolution
		Debug|Any CPU = Debug|Any CPU
		Release|Any CPU = Release|Any CPU
	EndGlobalSection
	GlobalSection(ProjectConfigurationPlatforms) = postSolution
		{616BFF30-F3FB-4604-9381-DF37A9A7F681}.Debug|Any CPU.ActiveCfg = Debug|Any CPU
		{616BFF30-F3FB-4604-9381-DF37A9A7F681}.Debug|Any CPU.Build.0 = Debug|Any CPU
		{616BFF30-F3FB-4604-9381-DF37A9A7F681}.Release|Any CPU.ActiveCfg = Release|Any CPU
		{616BFF30-F3FB-4604-9381-DF37A9A7F681}.Release|Any CPU.Build.0 = Release|Any CPU
		{3BAAAF69-591C-4FE9-99CC-86E80E82C9BB}.Debug|Any CPU.ActiveCfg = Debug|Any CPU
		{3BAAAF69-591C-4FE9-99CC-86E80E82C9BB}.Debug|Any CPU.Build.0 = Debug|Any CPU
		{3BAAAF69-591C-4FE9-99CC-86E80E82C9BB}.Release|Any CPU.ActiveCfg = Release|Any CPU
		{3BAAAF69-591C-4FE9-99CC-86E80E82C9BB}.Release|Any CPU.Build.0 = Release|Any CPU
		{6FB1DD6B-DF9B-43D5-9CE4-F968E91EFDDC}.Debug|Any CPU.ActiveCfg = Debug|Any CPU
		{6FB1DD6B-DF9B-43D5-9CE4-F968E91EFDDC}.Debug|Any CPU.Build.0 = Debug|Any CPU
		{6FB1DD6B-DF9B-43D5-9CE4-F968E91EFDDC}.Release|Any CPU.ActiveCfg = Release|Any CPU
		{6FB1DD6B-DF9B-43D5-9CE4-F968E91EFDDC}.Release|Any CPU.Build.0 = Release|Any CPU
		{98E13721-67C0-44E5-9AA4-D9E0AB12F1C9}.Debug|Any CPU.ActiveCfg = Debug|Any CPU
		{98E13721-67C0-44E5-9AA4-D9E0AB12F1C9}.Debug|Any CPU.Build.0 = Debug|Any CPU
		{98E13721-67C0-44E5-9AA4-D9E0AB12F1C9}.Release|Any CPU.ActiveCfg = Release|Any CPU
		{98E13721-67C0-44E5-9AA4-D9E0AB12F1C9}.Release|Any CPU.Build.0 = Release|Any CPU
		{300D2502-D1B3-4256-9C45-B09B87B22870}.Debug|Any CPU.ActiveCfg = Debug|Any CPU
		{300D2502-D1B3-4256-9C45-B09B87B22870}.Debug|Any CPU.Build.0 = Debug|Any CPU
		{300D2502-D1B3-4256-9C45-B09B87B22870}.Release|Any CPU.ActiveCfg = Release|Any CPU
		{300D2502-D1B3-4256-9C45-B09B87B22870}.Release|Any CPU.Build.0 = Release|Any CPU
		{EB6F741C-E4B7-40C4-A6C7-36901C5BB85D}.Debug|Any CPU.ActiveCfg = Debug|Any CPU
		{EB6F741C-E4B7-40C4-A6C7-36901C5BB85D}.Debug|Any CPU.Build.0 = Debug|Any CPU
		{EB6F741C-E4B7-40C4-A6C7-36901C5BB85D}.Release|Any CPU.ActiveCfg = Release|Any CPU
		{EB6F741C-E4B7-40C4-A6C7-36901C5BB85D}.Release|Any CPU.Build.0 = Release|Any CPU
		{8323D3D1-A0B4-40B7-A337-9FBD6CED7941}.Debug|Any CPU.ActiveCfg = Debug|Any CPU
		{8323D3D1-A0B4-40B7-A337-9FBD6CED7941}.Debug|Any CPU.Build.0 = Debug|Any CPU
		{8323D3D1-A0B4-40B7-A337-9FBD6CED7941}.Release|Any CPU.ActiveCfg = Release|Any CPU
		{8323D3D1-A0B4-40B7-A337-9FBD6CED7941}.Release|Any CPU.Build.0 = Release|Any CPU
		{4ADD2D04-EE37-451C-905A-86A293984BB5}.Debug|Any CPU.ActiveCfg = Debug|Any CPU
		{4ADD2D04-EE37-451C-905A-86A293984BB5}.Debug|Any CPU.Build.0 = Debug|Any CPU
		{4ADD2D04-EE37-451C-905A-86A293984BB5}.Release|Any CPU.ActiveCfg = Release|Any CPU
		{4ADD2D04-EE37-451C-905A-86A293984BB5}.Release|Any CPU.Build.0 = Release|Any CPU
		{25727E78-9653-439F-887A-AA8D8D89C49F}.Debug|Any CPU.ActiveCfg = Debug|Any CPU
		{25727E78-9653-439F-887A-AA8D8D89C49F}.Debug|Any CPU.Build.0 = Debug|Any CPU
		{25727E78-9653-439F-887A-AA8D8D89C49F}.Release|Any CPU.ActiveCfg = Release|Any CPU
		{25727E78-9653-439F-887A-AA8D8D89C49F}.Release|Any CPU.Build.0 = Release|Any CPU
		{1A09C11A-0F61-413B-82BE-88EE1E93DD12}.Debug|Any CPU.ActiveCfg = Debug|Any CPU
		{1A09C11A-0F61-413B-82BE-88EE1E93DD12}.Debug|Any CPU.Build.0 = Debug|Any CPU
		{1A09C11A-0F61-413B-82BE-88EE1E93DD12}.Release|Any CPU.ActiveCfg = Release|Any CPU
		{1A09C11A-0F61-413B-82BE-88EE1E93DD12}.Release|Any CPU.Build.0 = Release|Any CPU
		{7EAFCEFD-D289-4C30-8C9D-16277A341796}.Debug|Any CPU.ActiveCfg = Debug|Any CPU
		{7EAFCEFD-D289-4C30-8C9D-16277A341796}.Debug|Any CPU.Build.0 = Debug|Any CPU
		{7EAFCEFD-D289-4C30-8C9D-16277A341796}.Release|Any CPU.ActiveCfg = Release|Any CPU
		{7EAFCEFD-D289-4C30-8C9D-16277A341796}.Release|Any CPU.Build.0 = Release|Any CPU
		{130B9A10-DA29-4A5A-9605-2F21488FDEAC}.Debug|Any CPU.ActiveCfg = Debug|Any CPU
		{130B9A10-DA29-4A5A-9605-2F21488FDEAC}.Debug|Any CPU.Build.0 = Debug|Any CPU
		{130B9A10-DA29-4A5A-9605-2F21488FDEAC}.Release|Any CPU.ActiveCfg = Release|Any CPU
		{130B9A10-DA29-4A5A-9605-2F21488FDEAC}.Release|Any CPU.Build.0 = Release|Any CPU
		{44A06025-EEEF-4D46-9126-CA31639EDFEB}.Debug|Any CPU.ActiveCfg = Debug|Any CPU
		{44A06025-EEEF-4D46-9126-CA31639EDFEB}.Debug|Any CPU.Build.0 = Debug|Any CPU
		{44A06025-EEEF-4D46-9126-CA31639EDFEB}.Release|Any CPU.ActiveCfg = Release|Any CPU
		{44A06025-EEEF-4D46-9126-CA31639EDFEB}.Release|Any CPU.Build.0 = Release|Any CPU
		{1443E431-3B87-447D-A96C-7260E54113DD}.Debug|Any CPU.ActiveCfg = Debug|Any CPU
		{1443E431-3B87-447D-A96C-7260E54113DD}.Debug|Any CPU.Build.0 = Debug|Any CPU
		{1443E431-3B87-447D-A96C-7260E54113DD}.Release|Any CPU.ActiveCfg = Release|Any CPU
		{1443E431-3B87-447D-A96C-7260E54113DD}.Release|Any CPU.Build.0 = Release|Any CPU
	EndGlobalSection
	GlobalSection(SolutionProperties) = preSolution
		HideSolutionNode = FALSE
	EndGlobalSection
	GlobalSection(ExtensibilityGlobals) = postSolution
		SolutionGuid = {A084C592-25E0-4435-AEA3-7B7CC1E56587}
	EndGlobalSection
	GlobalSection(NestedProjects) = preSolution
		{EB6F741C-E4B7-40C4-A6C7-36901C5BB85D} = {EAA93034-98FA-4117-9256-4B172709C08E}
		{300D2502-D1B3-4256-9C45-B09B87B22870} = {EAA93034-98FA-4117-9256-4B172709C08E}
		{98E13721-67C0-44E5-9AA4-D9E0AB12F1C9} = {EAA93034-98FA-4117-9256-4B172709C08E}
		{616BFF30-F3FB-4604-9381-DF37A9A7F681} = {EC4E5D1F-E0D3-4771-8407-EB7892A6095D}
		{6FB1DD6B-DF9B-43D5-9CE4-F968E91EFDDC} = {EC4E5D1F-E0D3-4771-8407-EB7892A6095D}
		{3BAAAF69-591C-4FE9-99CC-86E80E82C9BB} = {EC4E5D1F-E0D3-4771-8407-EB7892A6095D}
		{8323D3D1-A0B4-40B7-A337-9FBD6CED7941} = {ABA4527C-818F-4D17-9DE9-ACB63BE68866}
		{4ADD2D04-EE37-451C-905A-86A293984BB5} = {ABA4527C-818F-4D17-9DE9-ACB63BE68866}
		{25727E78-9653-439F-887A-AA8D8D89C49F} = {ABA4527C-818F-4D17-9DE9-ACB63BE68866}
		{1A09C11A-0F61-413B-82BE-88EE1E93DD12} = {ABA4527C-818F-4D17-9DE9-ACB63BE68866}
	EndGlobalSection
EndGlobal
